// !$*UTF8*$!
{
	archiveVersion = 1;
	classes = {
	};
	objectVersion = 50;
	objects = {

/* Begin PBXBuildFile section */
		A1667594212FE2E500F98191 /* DropDownMenuView.swift in Sources */ = {isa = PBXBuildFile; fileRef = A1667593212FE2E500F98191 /* DropDownMenuView.swift */; };
		A1A278AE212EAAC7006FA277 /* AppDelegate.swift in Sources */ = {isa = PBXBuildFile; fileRef = A1A278AD212EAAC7006FA277 /* AppDelegate.swift */; };
		A1A278B0212EAAC7006FA277 /* ViewController.swift in Sources */ = {isa = PBXBuildFile; fileRef = A1A278AF212EAAC7006FA277 /* ViewController.swift */; };
		A1A278B3212EAAC7006FA277 /* Main.storyboard in Resources */ = {isa = PBXBuildFile; fileRef = A1A278B1212EAAC7006FA277 /* Main.storyboard */; };
		A1A278B5212EAAC9006FA277 /* Assets.xcassets in Resources */ = {isa = PBXBuildFile; fileRef = A1A278B4212EAAC9006FA277 /* Assets.xcassets */; };
		A1A278B8212EAAC9006FA277 /* LaunchScreen.storyboard in Resources */ = {isa = PBXBuildFile; fileRef = A1A278B6212EAAC9006FA277 /* LaunchScreen.storyboard */; };
		A1A278C3212EAACA006FA277 /* HSxDropDownMenuTests.swift in Sources */ = {isa = PBXBuildFile; fileRef = A1A278C2212EAACA006FA277 /* HSxDropDownMenuTests.swift */; };
		A1A278CE212EAACA006FA277 /* HSxDropDownMenuUITests.swift in Sources */ = {isa = PBXBuildFile; fileRef = A1A278CD212EAACA006FA277 /* HSxDropDownMenuUITests.swift */; };
/* End PBXBuildFile section */

/* Begin PBXContainerItemProxy section */
		A1A278BF212EAACA006FA277 /* PBXContainerItemProxy */ = {
			isa = PBXContainerItemProxy;
			containerPortal = A1A278A2212EAAC7006FA277 /* Project object */;
			proxyType = 1;
			remoteGlobalIDString = A1A278A9212EAAC7006FA277;
			remoteInfo = HSxDropDownMenu;
		};
		A1A278CA212EAACA006FA277 /* PBXContainerItemProxy */ = {
			isa = PBXContainerItemProxy;
			containerPortal = A1A278A2212EAAC7006FA277 /* Project object */;
			proxyType = 1;
			remoteGlobalIDString = A1A278A9212EAAC7006FA277;
			remoteInfo = HSxDropDownMenu;
		};
/* End PBXContainerItemProxy section */

/* Begin PBXFileReference section */
		A1667593212FE2E500F98191 /* DropDownMenuView.swift */ = {isa = PBXFileReference; lastKnownFileType = sourcecode.swift; path = DropDownMenuView.swift; sourceTree = "<group>"; };
		A1A278AA212EAAC7006FA277 /* HSxDropDownMenu.app */ = {isa = PBXFileReference; explicitFileType = wrapper.application; includeInIndex = 0; path = HSxDropDownMenu.app; sourceTree = BUILT_PRODUCTS_DIR; };
		A1A278AD212EAAC7006FA277 /* AppDelegate.swift */ = {isa = PBXFileReference; lastKnownFileType = sourcecode.swift; path = AppDelegate.swift; sourceTree = "<group>"; };
		A1A278AF212EAAC7006FA277 /* ViewController.swift */ = {isa = PBXFileReference; lastKnownFileType = sourcecode.swift; path = ViewController.swift; sourceTree = "<group>"; };
		A1A278B2212EAAC7006FA277 /* Base */ = {isa = PBXFileReference; lastKnownFileType = file.storyboard; name = Base; path = Base.lproj/Main.storyboard; sourceTree = "<group>"; };
		A1A278B4212EAAC9006FA277 /* Assets.xcassets */ = {isa = PBXFileReference; lastKnownFileType = folder.assetcatalog; path = Assets.xcassets; sourceTree = "<group>"; };
		A1A278B7212EAAC9006FA277 /* Base */ = {isa = PBXFileReference; lastKnownFileType = file.storyboard; name = Base; path = Base.lproj/LaunchScreen.storyboard; sourceTree = "<group>"; };
		A1A278B9212EAAC9006FA277 /* Info.plist */ = {isa = PBXFileReference; lastKnownFileType = text.plist.xml; path = Info.plist; sourceTree = "<group>"; };
		A1A278BE212EAACA006FA277 /* HSxDropDownMenuTests.xctest */ = {isa = PBXFileReference; explicitFileType = wrapper.cfbundle; includeInIndex = 0; path = HSxDropDownMenuTests.xctest; sourceTree = BUILT_PRODUCTS_DIR; };
		A1A278C2212EAACA006FA277 /* HSxDropDownMenuTests.swift */ = {isa = PBXFileReference; lastKnownFileType = sourcecode.swift; path = HSxDropDownMenuTests.swift; sourceTree = "<group>"; };
		A1A278C4212EAACA006FA277 /* Info.plist */ = {isa = PBXFileReference; lastKnownFileType = text.plist.xml; path = Info.plist; sourceTree = "<group>"; };
		A1A278C9212EAACA006FA277 /* HSxDropDownMenuUITests.xctest */ = {isa = PBXFileReference; explicitFileType = wrapper.cfbundle; includeInIndex = 0; path = HSxDropDownMenuUITests.xctest; sourceTree = BUILT_PRODUCTS_DIR; };
		A1A278CD212EAACA006FA277 /* HSxDropDownMenuUITests.swift */ = {isa = PBXFileReference; lastKnownFileType = sourcecode.swift; path = HSxDropDownMenuUITests.swift; sourceTree = "<group>"; };
		A1A278CF212EAACA006FA277 /* Info.plist */ = {isa = PBXFileReference; lastKnownFileType = text.plist.xml; path = Info.plist; sourceTree = "<group>"; };
/* End PBXFileReference section */

/* Begin PBXFrameworksBuildPhase section */
		A1A278A7212EAAC7006FA277 /* Frameworks */ = {
			isa = PBXFrameworksBuildPhase;
			buildActionMask = 2147483647;
			files = (
			);
			runOnlyForDeploymentPostprocessing = 0;
		};
		A1A278BB212EAACA006FA277 /* Frameworks */ = {
			isa = PBXFrameworksBuildPhase;
			buildActionMask = 2147483647;
			files = (
			);
			runOnlyForDeploymentPostprocessing = 0;
		};
		A1A278C6212EAACA006FA277 /* Frameworks */ = {
			isa = PBXFrameworksBuildPhase;
			buildActionMask = 2147483647;
			files = (
			);
			runOnlyForDeploymentPostprocessing = 0;
		};
/* End PBXFrameworksBuildPhase section */

/* Begin PBXGroup section */
		A1667592212FE24900F98191 /* Classes */ = {
			isa = PBXGroup;
			children = (
				A1667593212FE2E500F98191 /* DropDownMenuView.swift */,
			);
			path = Classes;
			sourceTree = "<group>";
		};
		A1A278A1212EAAC7006FA277 = {
			isa = PBXGroup;
			children = (
				A1A278AC212EAAC7006FA277 /* HSxDropDownMenu */,
				A1A278C1212EAACA006FA277 /* HSxDropDownMenuTests */,
				A1A278CC212EAACA006FA277 /* HSxDropDownMenuUITests */,
				A1A278AB212EAAC7006FA277 /* Products */,
			);
			sourceTree = "<group>";
		};
		A1A278AB212EAAC7006FA277 /* Products */ = {
			isa = PBXGroup;
			children = (
				A1A278AA212EAAC7006FA277 /* HSxDropDownMenu.app */,
				A1A278BE212EAACA006FA277 /* HSxDropDownMenuTests.xctest */,
				A1A278C9212EAACA006FA277 /* HSxDropDownMenuUITests.xctest */,
			);
			name = Products;
			sourceTree = "<group>";
		};
		A1A278AC212EAAC7006FA277 /* HSxDropDownMenu */ = {
			isa = PBXGroup;
			children = (
				A1667592212FE24900F98191 /* Classes */,
				A1A278AD212EAAC7006FA277 /* AppDelegate.swift */,
				A1A278AF212EAAC7006FA277 /* ViewController.swift */,
				A1A278B1212EAAC7006FA277 /* Main.storyboard */,
				A1A278B4212EAAC9006FA277 /* Assets.xcassets */,
				A1A278B6212EAAC9006FA277 /* LaunchScreen.storyboard */,
				A1A278B9212EAAC9006FA277 /* Info.plist */,
			);
			path = HSxDropDownMenu;
			sourceTree = "<group>";
		};
		A1A278C1212EAACA006FA277 /* HSxDropDownMenuTests */ = {
			isa = PBXGroup;
			children = (
				A1A278C2212EAACA006FA277 /* HSxDropDownMenuTests.swift */,
				A1A278C4212EAACA006FA277 /* Info.plist */,
			);
			path = HSxDropDownMenuTests;
			sourceTree = "<group>";
		};
		A1A278CC212EAACA006FA277 /* HSxDropDownMenuUITests */ = {
			isa = PBXGroup;
			children = (
				A1A278CD212EAACA006FA277 /* HSxDropDownMenuUITests.swift */,
				A1A278CF212EAACA006FA277 /* Info.plist */,
			);
			path = HSxDropDownMenuUITests;
			sourceTree = "<group>";
		};
/* End PBXGroup section */

/* Begin PBXNativeTarget section */
		A1A278A9212EAAC7006FA277 /* HSxDropDownMenu */ = {
			isa = PBXNativeTarget;
			buildConfigurationList = A1A278D2212EAACA006FA277 /* Build configuration list for PBXNativeTarget "HSxDropDownMenu" */;
			buildPhases = (
				A1A278A6212EAAC7006FA277 /* Sources */,
				A1A278A7212EAAC7006FA277 /* Frameworks */,
				A1A278A8212EAAC7006FA277 /* Resources */,
			);
			buildRules = (
			);
			dependencies = (
			);
			name = HSxDropDownMenu;
			productName = HSxDropDownMenu;
			productReference = A1A278AA212EAAC7006FA277 /* HSxDropDownMenu.app */;
			productType = "com.apple.product-type.application";
		};
		A1A278BD212EAACA006FA277 /* HSxDropDownMenuTests */ = {
			isa = PBXNativeTarget;
			buildConfigurationList = A1A278D5212EAACA006FA277 /* Build configuration list for PBXNativeTarget "HSxDropDownMenuTests" */;
			buildPhases = (
				A1A278BA212EAACA006FA277 /* Sources */,
				A1A278BB212EAACA006FA277 /* Frameworks */,
				A1A278BC212EAACA006FA277 /* Resources */,
			);
			buildRules = (
			);
			dependencies = (
				A1A278C0212EAACA006FA277 /* PBXTargetDependency */,
			);
			name = HSxDropDownMenuTests;
			productName = HSxDropDownMenuTests;
			productReference = A1A278BE212EAACA006FA277 /* HSxDropDownMenuTests.xctest */;
			productType = "com.apple.product-type.bundle.unit-test";
		};
		A1A278C8212EAACA006FA277 /* HSxDropDownMenuUITests */ = {
			isa = PBXNativeTarget;
			buildConfigurationList = A1A278D8212EAACA006FA277 /* Build configuration list for PBXNativeTarget "HSxDropDownMenuUITests" */;
			buildPhases = (
				A1A278C5212EAACA006FA277 /* Sources */,
				A1A278C6212EAACA006FA277 /* Frameworks */,
				A1A278C7212EAACA006FA277 /* Resources */,
			);
			buildRules = (
			);
			dependencies = (
				A1A278CB212EAACA006FA277 /* PBXTargetDependency */,
			);
			name = HSxDropDownMenuUITests;
			productName = HSxDropDownMenuUITests;
			productReference = A1A278C9212EAACA006FA277 /* HSxDropDownMenuUITests.xctest */;
			productType = "com.apple.product-type.bundle.ui-testing";
		};
/* End PBXNativeTarget section */

/* Begin PBXProject section */
		A1A278A2212EAAC7006FA277 /* Project object */ = {
			isa = PBXProject;
			attributes = {
				LastSwiftUpdateCheck = 1000;
				LastUpgradeCheck = 1000;
				ORGANIZATIONNAME = emily;
				TargetAttributes = {
					A1A278A9212EAAC7006FA277 = {
						CreatedOnToolsVersion = 10.0;
					};
					A1A278BD212EAACA006FA277 = {
						CreatedOnToolsVersion = 10.0;
						TestTargetID = A1A278A9212EAAC7006FA277;
					};
					A1A278C8212EAACA006FA277 = {
						CreatedOnToolsVersion = 10.0;
						TestTargetID = A1A278A9212EAAC7006FA277;
					};
				};
			};
			buildConfigurationList = A1A278A5212EAAC7006FA277 /* Build configuration list for PBXProject "HSxDropDownMenu" */;
			compatibilityVersion = "Xcode 9.3";
			developmentRegion = en;
			hasScannedForEncodings = 0;
			knownRegions = (
				en,
				Base,
			);
			mainGroup = A1A278A1212EAAC7006FA277;
			productRefGroup = A1A278AB212EAAC7006FA277 /* Products */;
			projectDirPath = "";
			projectRoot = "";
			targets = (
				A1A278A9212EAAC7006FA277 /* HSxDropDownMenu */,
				A1A278BD212EAACA006FA277 /* HSxDropDownMenuTests */,
				A1A278C8212EAACA006FA277 /* HSxDropDownMenuUITests */,
			);
		};
/* End PBXProject section */

/* Begin PBXResourcesBuildPhase section */
		A1A278A8212EAAC7006FA277 /* Resources */ = {
			isa = PBXResourcesBuildPhase;
			buildActionMask = 2147483647;
			files = (
				A1A278B8212EAAC9006FA277 /* LaunchScreen.storyboard in Resources */,
				A1A278B5212EAAC9006FA277 /* Assets.xcassets in Resources */,
				A1A278B3212EAAC7006FA277 /* Main.storyboard in Resources */,
			);
			runOnlyForDeploymentPostprocessing = 0;
		};
		A1A278BC212EAACA006FA277 /* Resources */ = {
			isa = PBXResourcesBuildPhase;
			buildActionMask = 2147483647;
			files = (
			);
			runOnlyForDeploymentPostprocessing = 0;
		};
		A1A278C7212EAACA006FA277 /* Resources */ = {
			isa = PBXResourcesBuildPhase;
			buildActionMask = 2147483647;
			files = (
			);
			runOnlyForDeploymentPostprocessing = 0;
		};
/* End PBXResourcesBuildPhase section */

/* Begin PBXSourcesBuildPhase section */
		A1A278A6212EAAC7006FA277 /* Sources */ = {
			isa = PBXSourcesBuildPhase;
			buildActionMask = 2147483647;
			files = (
				A1667594212FE2E500F98191 /* DropDownMenuView.swift in Sources */,
				A1A278B0212EAAC7006FA277 /* ViewController.swift in Sources */,
				A1A278AE212EAAC7006FA277 /* AppDelegate.swift in Sources */,
			);
			runOnlyForDeploymentPostprocessing = 0;
		};
		A1A278BA212EAACA006FA277 /* Sources */ = {
			isa = PBXSourcesBuildPhase;
			buildActionMask = 2147483647;
			files = (
				A1A278C3212EAACA006FA277 /* HSxDropDownMenuTests.swift in Sources */,
			);
			runOnlyForDeploymentPostprocessing = 0;
		};
		A1A278C5212EAACA006FA277 /* Sources */ = {
			isa = PBXSourcesBuildPhase;
			buildActionMask = 2147483647;
			files = (
				A1A278CE212EAACA006FA277 /* HSxDropDownMenuUITests.swift in Sources */,
			);
			runOnlyForDeploymentPostprocessing = 0;
		};
/* End PBXSourcesBuildPhase section */

/* Begin PBXTargetDependency section */
		A1A278C0212EAACA006FA277 /* PBXTargetDependency */ = {
			isa = PBXTargetDependency;
			target = A1A278A9212EAAC7006FA277 /* HSxDropDownMenu */;
			targetProxy = A1A278BF212EAACA006FA277 /* PBXContainerItemProxy */;
		};
		A1A278CB212EAACA006FA277 /* PBXTargetDependency */ = {
			isa = PBXTargetDependency;
			target = A1A278A9212EAAC7006FA277 /* HSxDropDownMenu */;
			targetProxy = A1A278CA212EAACA006FA277 /* PBXContainerItemProxy */;
		};
/* End PBXTargetDependency section */

/* Begin PBXVariantGroup section */
		A1A278B1212EAAC7006FA277 /* Main.storyboard */ = {
			isa = PBXVariantGroup;
			children = (
				A1A278B2212EAAC7006FA277 /* Base */,
			);
			name = Main.storyboard;
			sourceTree = "<group>";
		};
		A1A278B6212EAAC9006FA277 /* LaunchScreen.storyboard */ = {
			isa = PBXVariantGroup;
			children = (
				A1A278B7212EAAC9006FA277 /* Base */,
			);
			name = LaunchScreen.storyboard;
			sourceTree = "<group>";
		};
/* End PBXVariantGroup section */

/* Begin XCBuildConfiguration section */
		A1A278D0212EAACA006FA277 /* Debug */ = {
			isa = XCBuildConfiguration;
			buildSettings = {
				ALWAYS_SEARCH_USER_PATHS = NO;
				CLANG_ANALYZER_NONNULL = YES;
				CLANG_ANALYZER_NUMBER_OBJECT_CONVERSION = YES_AGGRESSIVE;
				CLANG_CXX_LANGUAGE_STANDARD = "gnu++14";
				CLANG_CXX_LIBRARY = "libc++";
				CLANG_ENABLE_MODULES = YES;
				CLANG_ENABLE_OBJC_ARC = YES;
				CLANG_ENABLE_OBJC_WEAK = YES;
				CLANG_WARN_BLOCK_CAPTURE_AUTORELEASING = YES;
				CLANG_WARN_BOOL_CONVERSION = YES;
				CLANG_WARN_COMMA = YES;
				CLANG_WARN_CONSTANT_CONVERSION = YES;
				CLANG_WARN_DEPRECATED_OBJC_IMPLEMENTATIONS = YES;
				CLANG_WARN_DIRECT_OBJC_ISA_USAGE = YES_ERROR;
				CLANG_WARN_DOCUMENTATION_COMMENTS = YES;
				CLANG_WARN_EMPTY_BODY = YES;
				CLANG_WARN_ENUM_CONVERSION = YES;
				CLANG_WARN_INFINITE_RECURSION = YES;
				CLANG_WARN_INT_CONVERSION = YES;
				CLANG_WARN_NON_LITERAL_NULL_CONVERSION = YES;
				CLANG_WARN_OBJC_IMPLICIT_RETAIN_SELF = YES;
				CLANG_WARN_OBJC_LITERAL_CONVERSION = YES;
				CLANG_WARN_OBJC_ROOT_CLASS = YES_ERROR;
				CLANG_WARN_RANGE_LOOP_ANALYSIS = YES;
				CLANG_WARN_STRICT_PROTOTYPES = YES;
				CLANG_WARN_SUSPICIOUS_MOVE = YES;
				CLANG_WARN_UNGUARDED_AVAILABILITY = YES_AGGRESSIVE;
				CLANG_WARN_UNREACHABLE_CODE = YES;
				CLANG_WARN__DUPLICATE_METHOD_MATCH = YES;
				CODE_SIGN_IDENTITY = "iPhone Developer";
				COPY_PHASE_STRIP = NO;
				DEBUG_INFORMATION_FORMAT = dwarf;
				ENABLE_STRICT_OBJC_MSGSEND = YES;
				ENABLE_TESTABILITY = YES;
				GCC_C_LANGUAGE_STANDARD = gnu11;
				GCC_DYNAMIC_NO_PIC = NO;
				GCC_NO_COMMON_BLOCKS = YES;
				GCC_OPTIMIZATION_LEVEL = 0;
				GCC_PREPROCESSOR_DEFINITIONS = (
					"DEBUG=1",
					"$(inherited)",
				);
				GCC_WARN_64_TO_32_BIT_CONVERSION = YES;
				GCC_WARN_ABOUT_RETURN_TYPE = YES_ERROR;
				GCC_WARN_UNDECLARED_SELECTOR = YES;
				GCC_WARN_UNINITIALIZED_AUTOS = YES_AGGRESSIVE;
				GCC_WARN_UNUSED_FUNCTION = YES;
				GCC_WARN_UNUSED_VARIABLE = YES;
				IPHONEOS_DEPLOYMENT_TARGET = 12.0;
				MTL_ENABLE_DEBUG_INFO = INCLUDE_SOURCE;
				MTL_FAST_MATH = YES;
				ONLY_ACTIVE_ARCH = YES;
				SDKROOT = iphoneos;
				SWIFT_ACTIVE_COMPILATION_CONDITIONS = DEBUG;
				SWIFT_OPTIMIZATION_LEVEL = "-Onone";
			};
			name = Debug;
		};
		A1A278D1212EAACA006FA277 /* Release */ = {
			isa = XCBuildConfiguration;
			buildSettings = {
				ALWAYS_SEARCH_USER_PATHS = NO;
				CLANG_ANALYZER_NONNULL = YES;
				CLANG_ANALYZER_NUMBER_OBJECT_CONVERSION = YES_AGGRESSIVE;
				CLANG_CXX_LANGUAGE_STANDARD = "gnu++14";
				CLANG_CXX_LIBRARY = "libc++";
				CLANG_ENABLE_MODULES = YES;
				CLANG_ENABLE_OBJC_ARC = YES;
				CLANG_ENABLE_OBJC_WEAK = YES;
				CLANG_WARN_BLOCK_CAPTURE_AUTORELEASING = YES;
				CLANG_WARN_BOOL_CONVERSION = YES;
				CLANG_WARN_COMMA = YES;
				CLANG_WARN_CONSTANT_CONVERSION = YES;
				CLANG_WARN_DEPRECATED_OBJC_IMPLEMENTATIONS = YES;
				CLANG_WARN_DIRECT_OBJC_ISA_USAGE = YES_ERROR;
				CLANG_WARN_DOCUMENTATION_COMMENTS = YES;
				CLANG_WARN_EMPTY_BODY = YES;
				CLANG_WARN_ENUM_CONVERSION = YES;
				CLANG_WARN_INFINITE_RECURSION = YES;
				CLANG_WARN_INT_CONVERSION = YES;
				CLANG_WARN_NON_LITERAL_NULL_CONVERSION = YES;
				CLANG_WARN_OBJC_IMPLICIT_RETAIN_SELF = YES;
				CLANG_WARN_OBJC_LITERAL_CONVERSION = YES;
				CLANG_WARN_OBJC_ROOT_CLASS = YES_ERROR;
				CLANG_WARN_RANGE_LOOP_ANALYSIS = YES;
				CLANG_WARN_STRICT_PROTOTYPES = YES;
				CLANG_WARN_SUSPICIOUS_MOVE = YES;
				CLANG_WARN_UNGUARDED_AVAILABILITY = YES_AGGRESSIVE;
				CLANG_WARN_UNREACHABLE_CODE = YES;
				CLANG_WARN__DUPLICATE_METHOD_MATCH = YES;
				CODE_SIGN_IDENTITY = "iPhone Developer";
				COPY_PHASE_STRIP = NO;
				DEBUG_INFORMATION_FORMAT = "dwarf-with-dsym";
				ENABLE_NS_ASSERTIONS = NO;
				ENABLE_STRICT_OBJC_MSGSEND = YES;
				GCC_C_LANGUAGE_STANDARD = gnu11;
				GCC_NO_COMMON_BLOCKS = YES;
				GCC_WARN_64_TO_32_BIT_CONVERSION = YES;
				GCC_WARN_ABOUT_RETURN_TYPE = YES_ERROR;
				GCC_WARN_UNDECLARED_SELECTOR = YES;
				GCC_WARN_UNINITIALIZED_AUTOS = YES_AGGRESSIVE;
				GCC_WARN_UNUSED_FUNCTION = YES;
				GCC_WARN_UNUSED_VARIABLE = YES;
				IPHONEOS_DEPLOYMENT_TARGET = 12.0;
				MTL_ENABLE_DEBUG_INFO = NO;
				MTL_FAST_MATH = YES;
				SDKROOT = iphoneos;
				SWIFT_COMPILATION_MODE = wholemodule;
				SWIFT_OPTIMIZATION_LEVEL = "-O";
				VALIDATE_PRODUCT = YES;
			};
			name = Release;
		};
		A1A278D3212EAACA006FA277 /* Debug */ = {
			isa = XCBuildConfiguration;
			buildSettings = {
				ASSETCATALOG_COMPILER_APPICON_NAME = AppIcon;
				CODE_SIGN_STYLE = Automatic;
				DEVELOPMENT_TEAM = XA34FPD68L;
				INFOPLIST_FILE = HSxDropDownMenu/Info.plist;
				IPHONEOS_DEPLOYMENT_TARGET = 9.0;
				LD_RUNPATH_SEARCH_PATHS = (
					"$(inherited)",
					"@executable_path/Frameworks",
				);
				PRODUCT_BUNDLE_IDENTIFIER = com.hsxi.HSxDropDownMenu;
				PRODUCT_NAME = "$(TARGET_NAME)";
				SWIFT_VERSION = 4.2;
				TARGETED_DEVICE_FAMILY = "1,2";
			};
			name = Debug;
		};
		A1A278D4212EAACA006FA277 /* Release */ = {
			isa = XCBuildConfiguration;
			buildSettings = {
				ASSETCATALOG_COMPILER_APPICON_NAME = AppIcon;
				CODE_SIGN_STYLE = Automatic;
				DEVELOPMENT_TEAM = XA34FPD68L;
				INFOPLIST_FILE = HSxDropDownMenu/Info.plist;
				IPHONEOS_DEPLOYMENT_TARGET = 9.0;
				LD_RUNPATH_SEARCH_PATHS = (
					"$(inherited)",
					"@executable_path/Frameworks",
				);
				PRODUCT_BUNDLE_IDENTIFIER = com.hsxi.HSxDropDownMenu;
				PRODUCT_NAME = "$(TARGET_NAME)";
				SWIFT_VERSION = 4.2;
				TARGETED_DEVICE_FAMILY = "1,2";
			};
			name = Release;
		};
		A1A278D6212EAACA006FA277 /* Debug */ = {
			isa = XCBuildConfiguration;
			buildSettings = {
				ALWAYS_EMBED_SWIFT_STANDARD_LIBRARIES = YES;
				BUNDLE_LOADER = "$(TEST_HOST)";
				CODE_SIGN_STYLE = Automatic;
				DEVELOPMENT_TEAM = XA34FPD68L;
				INFOPLIST_FILE = HSxDropDownMenuTests/Info.plist;
				LD_RUNPATH_SEARCH_PATHS = (
					"$(inherited)",
					"@executable_path/Frameworks",
					"@loader_path/Frameworks",
				);
				PRODUCT_BUNDLE_IDENTIFIER = com.hsxi.HSxDropDownMenuTests;
				PRODUCT_NAME = "$(TARGET_NAME)";
				SWIFT_VERSION = 4.2;
				TARGETED_DEVICE_FAMILY = "1,2";
				TEST_HOST = "$(BUILT_PRODUCTS_DIR)/HSxDropDownMenu.app/HSxDropDownMenu";
			};
			name = Debug;
		};
		A1A278D7212EAACA006FA277 /* Release */ = {
			isa = XCBuildConfiguration;
			buildSettings = {
				ALWAYS_EMBED_SWIFT_STANDARD_LIBRARIES = YES;
				BUNDLE_LOADER = "$(TEST_HOST)";
				CODE_SIGN_STYLE = Automatic;
				DEVELOPMENT_TEAM = XA34FPD68L;
				INFOPLIST_FILE = HSxDropDownMenuTests/Info.plist;
				LD_RUNPATH_SEARCH_PATHS = (
					"$(inherited)",
					"@executable_path/Frameworks",
					"@loader_path/Frameworks",
				);
				PRODUCT_BUNDLE_IDENTIFIER = com.hsxi.HSxDropDownMenuTests;
				PRODUCT_NAME = "$(TARGET_NAME)";
				SWIFT_VERSION = 4.2;
				TARGETED_DEVICE_FAMILY = "1,2";
				TEST_HOST = "$(BUILT_PRODUCTS_DIR)/HSxDropDownMenu.app/HSxDropDownMenu";
			};
			name = Release;
		};
		A1A278D9212EAACA006FA277 /* Debug */ = {
			isa = XCBuildConfiguration;
			buildSettings = {
				ALWAYS_EMBED_SWIFT_STANDARD_LIBRARIES = YES;
				CODE_SIGN_STYLE = Automatic;
				DEVELOPMENT_TEAM = XA34FPD68L;
				INFOPLIST_FILE = HSxDropDownMenuUITests/Info.plist;
				LD_RUNPATH_SEARCH_PATHS = (
					"$(inherited)",
					"@executable_path/Frameworks",
					"@loader_path/Frameworks",
				);
				PRODUCT_BUNDLE_IDENTIFIER = com.hsxi.HSxDropDownMenuUITests;
				PRODUCT_NAME = "$(TARGET_NAME)";
				SWIFT_VERSION = 4.2;
				TARGETED_DEVICE_FAMILY = "1,2";
				TEST_TARGET_NAME = HSxDropDownMenu;
			};
			name = Debug;
		};
		A1A278DA212EAACA006FA277 /* Release */ = {
			isa = XCBuildConfiguration;
			buildSettings = {
				ALWAYS_EMBED_SWIFT_STANDARD_LIBRARIES = YES;
				CODE_SIGN_STYLE = Automatic;
				DEVELOPMENT_TEAM = XA34FPD68L;
				INFOPLIST_FILE = HSxDropDownMenuUITests/Info.plist;
				LD_RUNPATH_SEARCH_PATHS = (
					"$(inherited)",
					"@executable_path/Frameworks",
					"@loader_path/Frameworks",
				);
				PRODUCT_BUNDLE_IDENTIFIER = com.hsxi.HSxDropDownMenuUITests;
				PRODUCT_NAME = "$(TARGET_NAME)";
				SWIFT_VERSION = 4.2;
				TARGETED_DEVICE_FAMILY = "1,2";
				TEST_TARGET_NAME = HSxDropDownMenu;
			};
			name = Release;
		};
/* End XCBuildConfiguration section */

/* Begin XCConfigurationList section */
		A1A278A5212EAAC7006FA277 /* Build configuration list for PBXProject "HSxDropDownMenu" */ = {
			isa = XCConfigurationList;
			buildConfigurations = (
				A1A278D0212EAACA006FA277 /* Debug */,
				A1A278D1212EAACA006FA277 /* Release */,
			);
			defaultConfigurationIsVisible = 0;
			defaultConfigurationName = Release;
		};
		A1A278D2212EAACA006FA277 /* Build configuration list for PBXNativeTarget "HSxDropDownMenu" */ = {
			isa = XCConfigurationList;
			buildConfigurations = (
				A1A278D3212EAACA006FA277 /* Debug */,
				A1A278D4212EAACA006FA277 /* Release */,
			);
			defaultConfigurationIsVisible = 0;
			defaultConfigurationName = Release;
		};
		A1A278D5212EAACA006FA277 /* Build configuration list for PBXNativeTarget "HSxDropDownMenuTests" */ = {
			isa = XCConfigurationList;
			buildConfigurations = (
				A1A278D6212EAACA006FA277 /* Debug */,
				A1A278D7212EAACA006FA277 /* Release */,
			);
			defaultConfigurationIsVisible = 0;
			defaultConfigurationName = Release;
		};
		A1A278D8212EAACA006FA277 /* Build configuration list for PBXNativeTarget "HSxDropDownMenuUITests" */ = {
			isa = XCConfigurationList;
			buildConfigurations = (
				A1A278D9212EAACA006FA277 /* Debug */,
				A1A278DA212EAACA006FA277 /* Release */,
			);
			defaultConfigurationIsVisible = 0;
			defaultConfigurationName = Release;
		};
/* End XCConfigurationList section */
	};
	rootObject = A1A278A2212EAAC7006FA277 /* Project object */;
}
